
Microsoft Visual Studio Solution File, Format Version 12.00
Project("{FAE04EC0-301F-11D3-BF4B-00C04F79EFBC}") = "Project 1", "Project 1\Project 1.csproj", "{389DD678-67D9-4C94-B513-34054918AD46}"
EndProject
Global
	GlobalSection(SolutionConfigurationPlatforms) = preSolution
		Debug|Any CPU = Debug|Any CPU
		Release|Any CPU = Release|Any CPU
	EndGlobalSection
	GlobalSection(ProjectConfigurationPlatforms) = postSolution
		{389DD678-67D9-4C94-B513-34054918AD46}.Debug|Any CPU.ActiveCfg = Debug|Any CPU
		{389DD678-67D9-4C94-B513-34054918AD46}.Debug|Any CPU.Build.0 = Debug|Any CPU
		{389DD678-67D9-4C94-B513-34054918AD46}.Release|Any CPU.ActiveCfg = Release|Any CPU
		{389DD678-67D9-4C94-B513-34054918AD46}.Release|Any CPU.Build.0 = Release|Any CPU
	EndGlobalSection
EndGlobal
